
Microsoft Visual Studio Solution File, Format Version 12.00
# Visual Studio 15
VisualStudioVersion = 15.0.28010.2016
MinimumVisualStudioVersion = 10.0.40219.1
Project("{FAE04EC0-301F-11D3-BF4B-00C04F79EFBC}") = "Functional.Maybe", "Functional.Maybe\Functional.Maybe.csproj", "{3A312E5A-9388-4A9C-995F-EFD7A1A5751B}"
EndProject
Project("{FAE04EC0-301F-11D3-BF4B-00C04F79EFBC}") = "Functional.Maybe.Json", "Functional.Maybe.Json\Functional.Maybe.Json.csproj", "{30BDC38F-65CC-402B-B85D-EEA09DCFA69C}"
EndProject
Project("{FAE04EC0-301F-11D3-BF4B-00C04F79EFBC}") = "Functional.Maybe.NTests", "Functional.Maybe.NTests\Functional.Maybe.NTests.csproj", "{2D644696-C05C-4DB5-BCBC-71CE5A97B410}"
EndProject
Global
	GlobalSection(SolutionConfigurationPlatforms) = preSolution
		Debug|Any CPU = Debug|Any CPU
		Release|Any CPU = Release|Any CPU
	EndGlobalSection
	GlobalSection(ProjectConfigurationPlatforms) = postSolution
		{3A312E5A-9388-4A9C-995F-EFD7A1A5751B}.Debug|Any CPU.ActiveCfg = Debug|Any CPU
		{3A312E5A-9388-4A9C-995F-EFD7A1A5751B}.Debug|Any CPU.Build.0 = Debug|Any CPU
		{3A312E5A-9388-4A9C-995F-EFD7A1A5751B}.Release|Any CPU.ActiveCfg = Release|Any CPU
		{3A312E5A-9388-4A9C-995F-EFD7A1A5751B}.Release|Any CPU.Build.0 = Release|Any CPU
		{30BDC38F-65CC-402B-B85D-EEA09DCFA69C}.Debug|Any CPU.ActiveCfg = Debug|Any CPU
		{30BDC38F-65CC-402B-B85D-EEA09DCFA69C}.Debug|Any CPU.Build.0 = Debug|Any CPU
		{30BDC38F-65CC-402B-B85D-EEA09DCFA69C}.Release|Any CPU.ActiveCfg = Release|Any CPU
		{30BDC38F-65CC-402B-B85D-EEA09DCFA69C}.Release|Any CPU.Build.0 = Release|Any CPU
		{2D644696-C05C-4DB5-BCBC-71CE5A97B410}.Debug|Any CPU.ActiveCfg = Debug|Any CPU
		{2D644696-C05C-4DB5-BCBC-71CE5A97B410}.Debug|Any CPU.Build.0 = Debug|Any CPU
		{2D644696-C05C-4DB5-BCBC-71CE5A97B410}.Release|Any CPU.ActiveCfg = Release|Any CPU
		{2D644696-C05C-4DB5-BCBC-71CE5A97B410}.Release|Any CPU.Build.0 = Release|Any CPU
	EndGlobalSection
	GlobalSection(SolutionProperties) = preSolution
		HideSolutionNode = FALSE
	EndGlobalSection
	GlobalSection(ExtensibilityGlobals) = postSolution
		SolutionGuid = {47F08332-8FBE-49DD-A876-B3A460EAB9E0}
	EndGlobalSection
EndGlobal
